PODS:
  - GZIP (1.3.0)
  - Reusable (4.1.2):
    - Reusable/Storyboard (= 4.1.2)
    - Reusable/View (= 4.1.2)
  - Reusable/Storyboard (4.1.2)
  - Reusable/View (4.1.2)

DEPENDENCIES:
  - GZIP
  - Reusable

SPEC REPOS:
  trunk:
    - GZIP
    - Reusable

SPEC CHECKSUMS:
  GZIP: 416858efbe66b41b206895ac6dfd5493200d95b3
  Reusable: 6bae6a5e8aa793c9c441db0213c863a64bce9136

PODFILE CHECKSUM: ed1f7df6ca15f3fcba28a64337c8e524367fcc5f

COCOAPODS: 1.11.3
