PODS:
  - Reusable (4.1.1):
    - Reusable/Storyboard (= 4.1.1)
    - Reusable/View (= 4.1.1)
  - Reusable/Storyboard (4.1.1)
  - Reusable/View (4.1.1)
  - TVVLCKit (3.3.16)

DEPENDENCIES:
  - Reusable
  - TVVLCKit

SPEC REPOS:
  trunk:
    - Reusable
    - TVVLCKit

SPEC CHECKSUMS:
  Reusable: 53a9acf5c536f229b31b5865782414b508252ddb
  TVVLCKit: a006a10734558712e8b4c20ef2c8b472d95ba990

PODFILE CHECKSUM: 375c64aa6edeaf8a2b8a1498a68493dcf0e5064f

COCOAPODS: 1.10.1
