// !$*UTF8*$!
{
	archiveVersion = 1;
	classes = {
	};
	objectVersion = 51;
	objects = {

/* Begin PBXBuildFile section */
		32EBBB313D57DB81AFA4F518 /* Pods_Apple_TV_Player.framework in Frameworks */ = {isa = PBXBuildFile; fileRef = 67EE9624CFF22F3AEAC77938 /* Pods_Apple_TV_Player.framework */; };
		822A58C42540AF4A0061813F /* AddPlaylistViewController.swift in Sources */ = {isa = PBXBuildFile; fileRef = 822A58C32540AF4A0061813F /* AddPlaylistViewController.swift */; };
		822A58CB2540C4CC0061813F /* plst.m3u in Resources */ = {isa = PBXBuildFile; fileRef = 822A58CA2540C4CC0061813F /* plst.m3u */; };
		826BBC6725615FBD003A69CA /* ChannelFilter.swift in Sources */ = {isa = PBXBuildFile; fileRef = 826BBC6625615FBD003A69CA /* ChannelFilter.swift */; };
		826BBC6E256160EB003A69CA /* M3UChannelFilter.swift in Sources */ = {isa = PBXBuildFile; fileRef = 826BBC6D256160EB003A69CA /* M3UChannelFilter.swift */; };
		826BBC72256162D6003A69CA /* Playlist.swift in Sources */ = {isa = PBXBuildFile; fileRef = 826BBC71256162D6003A69CA /* Playlist.swift */; };
		826BBC76256162E6003A69CA /* Channel.swift in Sources */ = {isa = PBXBuildFile; fileRef = 826BBC75256162E6003A69CA /* Channel.swift */; };
		826BBC7F2561C299003A69CA /* ChannelsPackages.bundle in Resources */ = {isa = PBXBuildFile; fileRef = 826BBC7E2561C299003A69CA /* ChannelsPackages.bundle */; };
		82742D24255FDC08001B2B25 /* ChannelPlayerViewController.swift in Sources */ = {isa = PBXBuildFile; fileRef = 82742D23255FDC08001B2B25 /* ChannelPlayerViewController.swift */; };
		82742D28255FDC12001B2B25 /* ChannelPlayerViewController.storyboard in Resources */ = {isa = PBXBuildFile; fileRef = 82742D27255FDC12001B2B25 /* ChannelPlayerViewController.storyboard */; };
		828E3FEE253F67B2003D4EFC /* FileSystemManager.swift in Sources */ = {isa = PBXBuildFile; fileRef = 828E3FED253F67B2003D4EFC /* FileSystemManager.swift */; };
		828E3FF7253F6FF1003D4EFC /* HomeViewController.swift in Sources */ = {isa = PBXBuildFile; fileRef = 828E3FF6253F6FF1003D4EFC /* HomeViewController.swift */; };
		828E3FFD253F704B003D4EFC /* FailureViewController.swift in Sources */ = {isa = PBXBuildFile; fileRef = 828E3FFC253F704B003D4EFC /* FailureViewController.swift */; };
		828E4001253F7382003D4EFC /* HomeViewController.storyboard in Resources */ = {isa = PBXBuildFile; fileRef = 828E4000253F7382003D4EFC /* HomeViewController.storyboard */; };
		828E4006253F7818003D4EFC /* TextInputViewController.swift in Sources */ = {isa = PBXBuildFile; fileRef = 828E4005253F7818003D4EFC /* TextInputViewController.swift */; };
		828E4012253F850A003D4EFC /* PlaylistCellView.swift in Sources */ = {isa = PBXBuildFile; fileRef = 828E4010253F850A003D4EFC /* PlaylistCellView.swift */; };
		828E4013253F850A003D4EFC /* PlaylistCellView.xib in Resources */ = {isa = PBXBuildFile; fileRef = 828E4011253F850A003D4EFC /* PlaylistCellView.xib */; };
		828E401A253F851E003D4EFC /* AddPlaylistCellView.swift in Sources */ = {isa = PBXBuildFile; fileRef = 828E4018253F851E003D4EFC /* AddPlaylistCellView.swift */; };
		828E401B253F851E003D4EFC /* AddPlaylistCellView.xib in Resources */ = {isa = PBXBuildFile; fileRef = 828E4019253F851E003D4EFC /* AddPlaylistCellView.xib */; };
		828E4020253F852F003D4EFC /* SettingsCellView.swift in Sources */ = {isa = PBXBuildFile; fileRef = 828E401E253F852F003D4EFC /* SettingsCellView.swift */; };
		828E4021253F852F003D4EFC /* SettingsCellView.xib in Resources */ = {isa = PBXBuildFile; fileRef = 828E401F253F852F003D4EFC /* SettingsCellView.xib */; };
		82DDEAF4253E1D2C00F3B1EE /* M3UItem.swift in Sources */ = {isa = PBXBuildFile; fileRef = 82DDEAF3253E1D2C00F3B1EE /* M3UItem.swift */; };
		82DDEAF7253E1D4000F3B1EE /* M3U.swift in Sources */ = {isa = PBXBuildFile; fileRef = 82DDEAF6253E1D4000F3B1EE /* M3U.swift */; };
		82DDEB06253E2A4300F3B1EE /* ChannelsTests.swift in Sources */ = {isa = PBXBuildFile; fileRef = 82DDEB05253E2A4300F3B1EE /* ChannelsTests.swift */; };
		82DDEB08253E2A4400F3B1EE /* Channels.framework in Frameworks */ = {isa = PBXBuildFile; fileRef = 82F3D29A2538E6650021BB2E /* Channels.framework */; };
		82DDEB11253E2A8F00F3B1EE /* android.m3u8 in Resources */ = {isa = PBXBuildFile; fileRef = 82DDEB10253E2A8F00F3B1EE /* android.m3u8 */; };
		82E82D3A256A5B2000E3D250 /* PiedPiper.swift in Sources */ = {isa = PBXBuildFile; fileRef = 82E82D39256A5B2000E3D250 /* PiedPiper.swift */; };
		82E82D51256A6A8100E3D250 /* Apple_TV_PlayerTests.swift in Sources */ = {isa = PBXBuildFile; fileRef = 82E82D50256A6A8100E3D250 /* Apple_TV_PlayerTests.swift */; };
		82E82D70256A7ACF00E3D250 /* plst.m3u in Resources */ = {isa = PBXBuildFile; fileRef = 822A58CA2540C4CC0061813F /* plst.m3u */; };
		82E82D78256A7D4E00E3D250 /* LocalStorage.swift in Sources */ = {isa = PBXBuildFile; fileRef = 82E82D77256A7D4E00E3D250 /* LocalStorage.swift */; };
		82F0469E255EF9140052E2E8 /* PlaylistViewController.swift in Sources */ = {isa = PBXBuildFile; fileRef = 82F0469D255EF9140052E2E8 /* PlaylistViewController.swift */; };
		82F046A2255EF9280052E2E8 /* PlaylistViewController.storyboard in Resources */ = {isa = PBXBuildFile; fileRef = 82F046A1255EF9280052E2E8 /* PlaylistViewController.storyboard */; };
		82F046A7255EFA8A0052E2E8 /* PlaylistChannelViewCell.swift in Sources */ = {isa = PBXBuildFile; fileRef = 82F046A6255EFA8A0052E2E8 /* PlaylistChannelViewCell.swift */; };
		82F046AD255EFA9B0052E2E8 /* PlaylistChannelViewCell.xib in Resources */ = {isa = PBXBuildFile; fileRef = 82F046AC255EFA9B0052E2E8 /* PlaylistChannelViewCell.xib */; };
		82F046B0255F07C70052E2E8 /* plst.m3u in Resources */ = {isa = PBXBuildFile; fileRef = 822A58CA2540C4CC0061813F /* plst.m3u */; };
		82F3D26C2538D9AC0021BB2E /* AppDelegate.swift in Sources */ = {isa = PBXBuildFile; fileRef = 82F3D26B2538D9AC0021BB2E /* AppDelegate.swift */; };
		82F3D2732538D9AD0021BB2E /* Assets.xcassets in Resources */ = {isa = PBXBuildFile; fileRef = 82F3D2722538D9AD0021BB2E /* Assets.xcassets */; };
		82F3D29E2538E6650021BB2E /* Channels.h in Headers */ = {isa = PBXBuildFile; fileRef = 82F3D29C2538E6650021BB2E /* Channels.h */; settings = {ATTRIBUTES = (Public, ); }; };
		82F3D2A12538E6650021BB2E /* Channels.framework in Frameworks */ = {isa = PBXBuildFile; fileRef = 82F3D29A2538E6650021BB2E /* Channels.framework */; };
		82F3D2A22538E6650021BB2E /* Channels.framework in Embed Frameworks */ = {isa = PBXBuildFile; fileRef = 82F3D29A2538E6650021BB2E /* Channels.framework */; settings = {ATTRIBUTES = (CodeSignOnCopy, RemoveHeadersOnCopy, ); }; };
		82F3D2B02538E9220021BB2E /* Localization.strings in Resources */ = {isa = PBXBuildFile; fileRef = 82F3D2B22538E9220021BB2E /* Localization.strings */; };
		82F3D2BA2538EABC0021BB2E /* LaunchScreen.storyboard in Resources */ = {isa = PBXBuildFile; fileRef = 82F3D2B92538EABC0021BB2E /* LaunchScreen.storyboard */; };
/* End PBXBuildFile section */

/* Begin PBXContainerItemProxy section */
		82DDEB09253E2A4400F3B1EE /* PBXContainerItemProxy */ = {
			isa = PBXContainerItemProxy;
			containerPortal = 82F3D2602538D9AC0021BB2E /* Project object */;
			proxyType = 1;
			remoteGlobalIDString = 82F3D2992538E6650021BB2E;
			remoteInfo = Channels;
		};
		82E82D53256A6A8100E3D250 /* PBXContainerItemProxy */ = {
			isa = PBXContainerItemProxy;
			containerPortal = 82F3D2602538D9AC0021BB2E /* Project object */;
			proxyType = 1;
			remoteGlobalIDString = 82F3D2672538D9AC0021BB2E;
			remoteInfo = "Apple-TV-Player";
		};
		82F3D29F2538E6650021BB2E /* PBXContainerItemProxy */ = {
			isa = PBXContainerItemProxy;
			containerPortal = 82F3D2602538D9AC0021BB2E /* Project object */;
			proxyType = 1;
			remoteGlobalIDString = 82F3D2992538E6650021BB2E;
			remoteInfo = Channels;
		};
/* End PBXContainerItemProxy section */

/* Begin PBXCopyFilesBuildPhase section */
		82F3D2A32538E6650021BB2E /* Embed Frameworks */ = {
			isa = PBXCopyFilesBuildPhase;
			buildActionMask = 2147483647;
			dstPath = "";
			dstSubfolderSpec = 10;
			files = (
				82F3D2A22538E6650021BB2E /* Channels.framework in Embed Frameworks */,
			);
			name = "Embed Frameworks";
			runOnlyForDeploymentPostprocessing = 0;
		};
/* End PBXCopyFilesBuildPhase section */

/* Begin PBXFileReference section */
		67EE9624CFF22F3AEAC77938 /* Pods_Apple_TV_Player.framework */ = {isa = PBXFileReference; explicitFileType = wrapper.framework; includeInIndex = 0; path = Pods_Apple_TV_Player.framework; sourceTree = BUILT_PRODUCTS_DIR; };
		69AA6ED0172F5C85F7F821E2 /* Pods-Apple-TV-Player.release.xcconfig */ = {isa = PBXFileReference; includeInIndex = 1; lastKnownFileType = text.xcconfig; name = "Pods-Apple-TV-Player.release.xcconfig"; path = "Target Support Files/Pods-Apple-TV-Player/Pods-Apple-TV-Player.release.xcconfig"; sourceTree = "<group>"; };
		822A58C32540AF4A0061813F /* AddPlaylistViewController.swift */ = {isa = PBXFileReference; lastKnownFileType = sourcecode.swift; path = AddPlaylistViewController.swift; sourceTree = "<group>"; };
		822A58CA2540C4CC0061813F /* plst.m3u */ = {isa = PBXFileReference; fileEncoding = 4; lastKnownFileType = text; path = plst.m3u; sourceTree = "<group>"; };
		826BBC6625615FBD003A69CA /* ChannelFilter.swift */ = {isa = PBXFileReference; lastKnownFileType = sourcecode.swift; path = ChannelFilter.swift; sourceTree = "<group>"; };
		826BBC6D256160EB003A69CA /* M3UChannelFilter.swift */ = {isa = PBXFileReference; lastKnownFileType = sourcecode.swift; path = M3UChannelFilter.swift; sourceTree = "<group>"; };
		826BBC71256162D6003A69CA /* Playlist.swift */ = {isa = PBXFileReference; lastKnownFileType = sourcecode.swift; path = Playlist.swift; sourceTree = "<group>"; };
		826BBC75256162E6003A69CA /* Channel.swift */ = {isa = PBXFileReference; lastKnownFileType = sourcecode.swift; path = Channel.swift; sourceTree = "<group>"; };
		826BBC7E2561C299003A69CA /* ChannelsPackages.bundle */ = {isa = PBXFileReference; lastKnownFileType = "wrapper.plug-in"; path = ChannelsPackages.bundle; sourceTree = "<group>"; };
		82742D23255FDC08001B2B25 /* ChannelPlayerViewController.swift */ = {isa = PBXFileReference; lastKnownFileType = sourcecode.swift; path = ChannelPlayerViewController.swift; sourceTree = "<group>"; };
		82742D27255FDC12001B2B25 /* ChannelPlayerViewController.storyboard */ = {isa = PBXFileReference; lastKnownFileType = file.storyboard; path = ChannelPlayerViewController.storyboard; sourceTree = "<group>"; };
		828E3FED253F67B2003D4EFC /* FileSystemManager.swift */ = {isa = PBXFileReference; lastKnownFileType = sourcecode.swift; path = FileSystemManager.swift; sourceTree = "<group>"; };
		828E3FF6253F6FF1003D4EFC /* HomeViewController.swift */ = {isa = PBXFileReference; lastKnownFileType = sourcecode.swift; path = HomeViewController.swift; sourceTree = "<group>"; };
		828E3FFC253F704B003D4EFC /* FailureViewController.swift */ = {isa = PBXFileReference; lastKnownFileType = sourcecode.swift; path = FailureViewController.swift; sourceTree = "<group>"; };
		828E4000253F7382003D4EFC /* HomeViewController.storyboard */ = {isa = PBXFileReference; lastKnownFileType = file.storyboard; path = HomeViewController.storyboard; sourceTree = "<group>"; };
		828E4005253F7818003D4EFC /* TextInputViewController.swift */ = {isa = PBXFileReference; lastKnownFileType = sourcecode.swift; path = TextInputViewController.swift; sourceTree = "<group>"; };
		828E4010253F850A003D4EFC /* PlaylistCellView.swift */ = {isa = PBXFileReference; lastKnownFileType = sourcecode.swift; path = PlaylistCellView.swift; sourceTree = "<group>"; };
		828E4011253F850A003D4EFC /* PlaylistCellView.xib */ = {isa = PBXFileReference; lastKnownFileType = file.xib; path = PlaylistCellView.xib; sourceTree = "<group>"; };
		828E4018253F851E003D4EFC /* AddPlaylistCellView.swift */ = {isa = PBXFileReference; lastKnownFileType = sourcecode.swift; path = AddPlaylistCellView.swift; sourceTree = "<group>"; };
		828E4019253F851E003D4EFC /* AddPlaylistCellView.xib */ = {isa = PBXFileReference; lastKnownFileType = file.xib; path = AddPlaylistCellView.xib; sourceTree = "<group>"; };
		828E401E253F852F003D4EFC /* SettingsCellView.swift */ = {isa = PBXFileReference; lastKnownFileType = sourcecode.swift; path = SettingsCellView.swift; sourceTree = "<group>"; };
		828E401F253F852F003D4EFC /* SettingsCellView.xib */ = {isa = PBXFileReference; lastKnownFileType = file.xib; path = SettingsCellView.xib; sourceTree = "<group>"; };
		82DDEAF3253E1D2C00F3B1EE /* M3UItem.swift */ = {isa = PBXFileReference; lastKnownFileType = sourcecode.swift; path = M3UItem.swift; sourceTree = "<group>"; };
		82DDEAF6253E1D4000F3B1EE /* M3U.swift */ = {isa = PBXFileReference; lastKnownFileType = sourcecode.swift; path = M3U.swift; sourceTree = "<group>"; };
		82DDEB03253E2A4300F3B1EE /* ChannelsTests.xctest */ = {isa = PBXFileReference; explicitFileType = wrapper.cfbundle; includeInIndex = 0; path = ChannelsTests.xctest; sourceTree = BUILT_PRODUCTS_DIR; };
		82DDEB05253E2A4300F3B1EE /* ChannelsTests.swift */ = {isa = PBXFileReference; lastKnownFileType = sourcecode.swift; path = ChannelsTests.swift; sourceTree = "<group>"; };
		82DDEB07253E2A4400F3B1EE /* Info.plist */ = {isa = PBXFileReference; lastKnownFileType = text.plist.xml; path = Info.plist; sourceTree = "<group>"; };
		82DDEB10253E2A8F00F3B1EE /* android.m3u8 */ = {isa = PBXFileReference; fileEncoding = 4; lastKnownFileType = text; path = android.m3u8; sourceTree = "<group>"; };
		82E82D39256A5B2000E3D250 /* PiedPiper.swift */ = {isa = PBXFileReference; lastKnownFileType = sourcecode.swift; path = PiedPiper.swift; sourceTree = "<group>"; };
		82E82D4E256A6A8100E3D250 /* Apple-TV-PlayerTests.xctest */ = {isa = PBXFileReference; explicitFileType = wrapper.cfbundle; includeInIndex = 0; path = "Apple-TV-PlayerTests.xctest"; sourceTree = BUILT_PRODUCTS_DIR; };
		82E82D50256A6A8100E3D250 /* Apple_TV_PlayerTests.swift */ = {isa = PBXFileReference; lastKnownFileType = sourcecode.swift; path = Apple_TV_PlayerTests.swift; sourceTree = "<group>"; };
		82E82D52256A6A8100E3D250 /* Info.plist */ = {isa = PBXFileReference; lastKnownFileType = text.plist.xml; path = Info.plist; sourceTree = "<group>"; };
		82E82D77256A7D4E00E3D250 /* LocalStorage.swift */ = {isa = PBXFileReference; lastKnownFileType = sourcecode.swift; path = LocalStorage.swift; sourceTree = "<group>"; };
		82E82D7D256A93B900E3D250 /* Debug-Apple-TV-PlayerTests.xcconfig */ = {isa = PBXFileReference; lastKnownFileType = text.xcconfig; path = "Debug-Apple-TV-PlayerTests.xcconfig"; sourceTree = "<group>"; };
		82E82D7E256A93C800E3D250 /* Release-Apple-TV-PlayerTests.xcconfig */ = {isa = PBXFileReference; lastKnownFileType = text.xcconfig; path = "Release-Apple-TV-PlayerTests.xcconfig"; sourceTree = "<group>"; };
		82E82D86256A941000E3D250 /* Debug-ChannelsTests.xcconfig */ = {isa = PBXFileReference; lastKnownFileType = text.xcconfig; path = "Debug-ChannelsTests.xcconfig"; sourceTree = "<group>"; };
		82E82D87256A941F00E3D250 /* Release-ChannelsTests.xcconfig */ = {isa = PBXFileReference; lastKnownFileType = text.xcconfig; path = "Release-ChannelsTests.xcconfig"; sourceTree = "<group>"; };
		82F0469D255EF9140052E2E8 /* PlaylistViewController.swift */ = {isa = PBXFileReference; lastKnownFileType = sourcecode.swift; path = PlaylistViewController.swift; sourceTree = "<group>"; };
		82F046A1255EF9280052E2E8 /* PlaylistViewController.storyboard */ = {isa = PBXFileReference; lastKnownFileType = file.storyboard; path = PlaylistViewController.storyboard; sourceTree = "<group>"; };
		82F046A6255EFA8A0052E2E8 /* PlaylistChannelViewCell.swift */ = {isa = PBXFileReference; lastKnownFileType = sourcecode.swift; path = PlaylistChannelViewCell.swift; sourceTree = "<group>"; };
		82F046AC255EFA9B0052E2E8 /* PlaylistChannelViewCell.xib */ = {isa = PBXFileReference; lastKnownFileType = file.xib; path = PlaylistChannelViewCell.xib; sourceTree = "<group>"; };
		82F3D2682538D9AC0021BB2E /* Apple-TV-Player.app */ = {isa = PBXFileReference; explicitFileType = wrapper.application; includeInIndex = 0; path = "Apple-TV-Player.app"; sourceTree = BUILT_PRODUCTS_DIR; };
		82F3D26B2538D9AC0021BB2E /* AppDelegate.swift */ = {isa = PBXFileReference; lastKnownFileType = sourcecode.swift; path = AppDelegate.swift; sourceTree = "<group>"; };
		82F3D2722538D9AD0021BB2E /* Assets.xcassets */ = {isa = PBXFileReference; lastKnownFileType = folder.assetcatalog; path = Assets.xcassets; sourceTree = "<group>"; };
		82F3D2772538D9AD0021BB2E /* Info.plist */ = {isa = PBXFileReference; lastKnownFileType = text.plist.xml; path = Info.plist; sourceTree = "<group>"; };
		82F3D2832538DCF50021BB2E /* Debug.xcconfig */ = {isa = PBXFileReference; lastKnownFileType = text.xcconfig; path = Debug.xcconfig; sourceTree = "<group>"; };
		82F3D2842538DD060021BB2E /* Release.xcconfig */ = {isa = PBXFileReference; lastKnownFileType = text.xcconfig; path = Release.xcconfig; sourceTree = "<group>"; };
		82F3D29A2538E6650021BB2E /* Channels.framework */ = {isa = PBXFileReference; explicitFileType = wrapper.framework; includeInIndex = 0; path = Channels.framework; sourceTree = BUILT_PRODUCTS_DIR; };
		82F3D29C2538E6650021BB2E /* Channels.h */ = {isa = PBXFileReference; lastKnownFileType = sourcecode.c.h; path = Channels.h; sourceTree = "<group>"; };
		82F3D29D2538E6650021BB2E /* Info.plist */ = {isa = PBXFileReference; lastKnownFileType = text.plist.xml; path = Info.plist; sourceTree = "<group>"; };
		82F3D2A92538E70F0021BB2E /* Debug-Channels.xcconfig */ = {isa = PBXFileReference; lastKnownFileType = text.xcconfig; path = "Debug-Channels.xcconfig"; sourceTree = "<group>"; };
		82F3D2AA2538E7430021BB2E /* Release-Channels.xcconfig */ = {isa = PBXFileReference; lastKnownFileType = text.xcconfig; path = "Release-Channels.xcconfig"; sourceTree = "<group>"; };
		82F3D2B12538E9220021BB2E /* en */ = {isa = PBXFileReference; lastKnownFileType = text.plist.strings; name = en; path = en.lproj/Localization.strings; sourceTree = "<group>"; };
		82F3D2B62538E9600021BB2E /* ru */ = {isa = PBXFileReference; lastKnownFileType = text.plist.strings; name = ru; path = ru.lproj/Localization.strings; sourceTree = "<group>"; };
		82F3D2B92538EABC0021BB2E /* LaunchScreen.storyboard */ = {isa = PBXFileReference; fileEncoding = 4; lastKnownFileType = file.storyboard; path = LaunchScreen.storyboard; sourceTree = "<group>"; };
		A294316A2E8D0347BCFF7F70 /* Pods-Apple-TV-Player.debug.xcconfig */ = {isa = PBXFileReference; includeInIndex = 1; lastKnownFileType = text.xcconfig; name = "Pods-Apple-TV-Player.debug.xcconfig"; path = "Target Support Files/Pods-Apple-TV-Player/Pods-Apple-TV-Player.debug.xcconfig"; sourceTree = "<group>"; };
/* End PBXFileReference section */

/* Begin PBXFrameworksBuildPhase section */
		82DDEB00253E2A4300F3B1EE /* Frameworks */ = {
			isa = PBXFrameworksBuildPhase;
			buildActionMask = 2147483647;
			files = (
				82DDEB08253E2A4400F3B1EE /* Channels.framework in Frameworks */,
			);
			runOnlyForDeploymentPostprocessing = 0;
		};
		82E82D4B256A6A8100E3D250 /* Frameworks */ = {
			isa = PBXFrameworksBuildPhase;
			buildActionMask = 2147483647;
			files = (
			);
			runOnlyForDeploymentPostprocessing = 0;
		};
		82F3D2652538D9AC0021BB2E /* Frameworks */ = {
			isa = PBXFrameworksBuildPhase;
			buildActionMask = 2147483647;
			files = (
				82F3D2A12538E6650021BB2E /* Channels.framework in Frameworks */,
				32EBBB313D57DB81AFA4F518 /* Pods_Apple_TV_Player.framework in Frameworks */,
			);
			runOnlyForDeploymentPostprocessing = 0;
		};
		82F3D2972538E6650021BB2E /* Frameworks */ = {
			isa = PBXFrameworksBuildPhase;
			buildActionMask = 2147483647;
			files = (
			);
			runOnlyForDeploymentPostprocessing = 0;
		};
/* End PBXFrameworksBuildPhase section */

/* Begin PBXGroup section */
		47E0FE7437F72A44E302E88A /* Pods */ = {
			isa = PBXGroup;
			children = (
				A294316A2E8D0347BCFF7F70 /* Pods-Apple-TV-Player.debug.xcconfig */,
				69AA6ED0172F5C85F7F821E2 /* Pods-Apple-TV-Player.release.xcconfig */,
			);
			path = Pods;
			sourceTree = "<group>";
		};
		7282139F61CEA9109ED48C63 /* Frameworks */ = {
			isa = PBXGroup;
			children = (
				67EE9624CFF22F3AEAC77938 /* Pods_Apple_TV_Player.framework */,
			);
			name = Frameworks;
			sourceTree = "<group>";
		};
		822A58C72540AF4F0061813F /* AddPlaylist */ = {
			isa = PBXGroup;
			children = (
				822A58C32540AF4A0061813F /* AddPlaylistViewController.swift */,
			);
			path = AddPlaylist;
			sourceTree = "<group>";
		};
		826BBC6525615F84003A69CA /* FIlters */ = {
			isa = PBXGroup;
			children = (
				826BBC6625615FBD003A69CA /* ChannelFilter.swift */,
				826BBC6C256160CC003A69CA /* m3u */,
			);
			path = FIlters;
			sourceTree = "<group>";
		};
		826BBC6C256160CC003A69CA /* m3u */ = {
			isa = PBXGroup;
			children = (
				826BBC6D256160EB003A69CA /* M3UChannelFilter.swift */,
			);
			path = m3u;
			sourceTree = "<group>";
		};
		826BBC7B2561C220003A69CA /* Resources */ = {
			isa = PBXGroup;
			children = (
				826BBC7C2561C23C003A69CA /* IpTvProvider */,
			);
			path = Resources;
			sourceTree = "<group>";
		};
		826BBC7C2561C23C003A69CA /* IpTvProvider */ = {
			isa = PBXGroup;
			children = (
				826BBC7D2561C264003A69CA /* 2090000 */,
			);
			path = IpTvProvider;
			sourceTree = "<group>";
		};
		826BBC7D2561C264003A69CA /* 2090000 */ = {
			isa = PBXGroup;
			children = (
				826BBC7E2561C299003A69CA /* ChannelsPackages.bundle */,
			);
			path = 2090000;
			sourceTree = "<group>";
		};
		82742D22255FDB6C001B2B25 /* ChannelPlayer */ = {
			isa = PBXGroup;
			children = (
				82742D23255FDC08001B2B25 /* ChannelPlayerViewController.swift */,
				82742D27255FDC12001B2B25 /* ChannelPlayerViewController.storyboard */,
			);
			path = ChannelPlayer;
			sourceTree = "<group>";
		};
		828E3FEC253F6778003D4EFC /* FileSystem */ = {
			isa = PBXGroup;
			children = (
				828E3FED253F67B2003D4EFC /* FileSystemManager.swift */,
				82E82D39256A5B2000E3D250 /* PiedPiper.swift */,
				82E82D77256A7D4E00E3D250 /* LocalStorage.swift */,
			);
			path = FileSystem;
			sourceTree = "<group>";
		};
		828E3FF3253F6EEB003D4EFC /* Flows */ = {
			isa = PBXGroup;
			children = (
				82742D22255FDB6C001B2B25 /* ChannelPlayer */,
				82F0469C255EF8E50052E2E8 /* Playlist */,
				828E3FF4253F6F1E003D4EFC /* Home */,
				828E3FF5253F6F9A003D4EFC /* Failure */,
			);
			path = Flows;
			sourceTree = "<group>";
		};
		828E3FF4253F6F1E003D4EFC /* Home */ = {
			isa = PBXGroup;
			children = (
				822A58C72540AF4F0061813F /* AddPlaylist */,
				828E400F253F84D5003D4EFC /* SettingsCell */,
				828E400E253F84C4003D4EFC /* AddPlaylistCell */,
				828E400D253F84B7003D4EFC /* PlaylistCell */,
				828E3FF6253F6FF1003D4EFC /* HomeViewController.swift */,
				828E4000253F7382003D4EFC /* HomeViewController.storyboard */,
			);
			path = Home;
			sourceTree = "<group>";
		};
		828E3FF5253F6F9A003D4EFC /* Failure */ = {
			isa = PBXGroup;
			children = (
				828E3FFC253F704B003D4EFC /* FailureViewController.swift */,
			);
			path = Failure;
			sourceTree = "<group>";
		};
		828E4004253F77F7003D4EFC /* UIComponents */ = {
			isa = PBXGroup;
			children = (
				828E4005253F7818003D4EFC /* TextInputViewController.swift */,
			);
			path = UIComponents;
			sourceTree = "<group>";
		};
		828E400D253F84B7003D4EFC /* PlaylistCell */ = {
			isa = PBXGroup;
			children = (
				828E4010253F850A003D4EFC /* PlaylistCellView.swift */,
				828E4011253F850A003D4EFC /* PlaylistCellView.xib */,
			);
			path = PlaylistCell;
			sourceTree = "<group>";
		};
		828E400E253F84C4003D4EFC /* AddPlaylistCell */ = {
			isa = PBXGroup;
			children = (
				828E4018253F851E003D4EFC /* AddPlaylistCellView.swift */,
				828E4019253F851E003D4EFC /* AddPlaylistCellView.xib */,
			);
			path = AddPlaylistCell;
			sourceTree = "<group>";
		};
		828E400F253F84D5003D4EFC /* SettingsCell */ = {
			isa = PBXGroup;
			children = (
				828E401E253F852F003D4EFC /* SettingsCellView.swift */,
				828E401F253F852F003D4EFC /* SettingsCellView.xib */,
			);
			path = SettingsCell;
			sourceTree = "<group>";
		};
		82DDEAEF253E1BE400F3B1EE /* Parsers */ = {
			isa = PBXGroup;
			children = (
				82DDEAF2253E1C1B00F3B1EE /* Common */,
				82DDEAF0253E1BFD00F3B1EE /* m3u */,
			);
			path = Parsers;
			sourceTree = "<group>";
		};
		82DDEAF0253E1BFD00F3B1EE /* m3u */ = {
			isa = PBXGroup;
			children = (
				82DDEAF6253E1D4000F3B1EE /* M3U.swift */,
				82DDEAF3253E1D2C00F3B1EE /* M3UItem.swift */,
			);
			path = m3u;
			sourceTree = "<group>";
		};
		82DDEAF2253E1C1B00F3B1EE /* Common */ = {
			isa = PBXGroup;
			children = (
			);
			path = Common;
			sourceTree = "<group>";
		};
		82DDEB04253E2A4300F3B1EE /* ChannelsTests */ = {
			isa = PBXGroup;
			children = (
				82E82D85256A93EF00E3D250 /* Configuration */,
				822A58CA2540C4CC0061813F /* plst.m3u */,
				82DDEB10253E2A8F00F3B1EE /* android.m3u8 */,
				82DDEB05253E2A4300F3B1EE /* ChannelsTests.swift */,
				82DDEB07253E2A4400F3B1EE /* Info.plist */,
			);
			path = ChannelsTests;
			sourceTree = "<group>";
		};
		82E82D4F256A6A8100E3D250 /* Apple-TV-PlayerTests */ = {
			isa = PBXGroup;
			children = (
				82E82D7C256A937200E3D250 /* Configuration */,
				82E82D50256A6A8100E3D250 /* Apple_TV_PlayerTests.swift */,
				82E82D52256A6A8100E3D250 /* Info.plist */,
			);
			path = "Apple-TV-PlayerTests";
			sourceTree = "<group>";
		};
		82E82D7C256A937200E3D250 /* Configuration */ = {
			isa = PBXGroup;
			children = (
				82E82D7D256A93B900E3D250 /* Debug-Apple-TV-PlayerTests.xcconfig */,
				82E82D7E256A93C800E3D250 /* Release-Apple-TV-PlayerTests.xcconfig */,
			);
			path = Configuration;
			sourceTree = "<group>";
		};
		82E82D85256A93EF00E3D250 /* Configuration */ = {
			isa = PBXGroup;
			children = (
				82E82D86256A941000E3D250 /* Debug-ChannelsTests.xcconfig */,
				82E82D87256A941F00E3D250 /* Release-ChannelsTests.xcconfig */,
			);
			path = Configuration;
			sourceTree = "<group>";
		};
		82F0469C255EF8E50052E2E8 /* Playlist */ = {
			isa = PBXGroup;
			children = (
				82F046A5255EFA450052E2E8 /* ChannelCell */,
				82F0469D255EF9140052E2E8 /* PlaylistViewController.swift */,
				82F046A1255EF9280052E2E8 /* PlaylistViewController.storyboard */,
			);
			path = Playlist;
			sourceTree = "<group>";
		};
		82F046A5255EFA450052E2E8 /* ChannelCell */ = {
			isa = PBXGroup;
			children = (
				82F046A6255EFA8A0052E2E8 /* PlaylistChannelViewCell.swift */,
				82F046AC255EFA9B0052E2E8 /* PlaylistChannelViewCell.xib */,
			);
			path = ChannelCell;
			sourceTree = "<group>";
		};
		82F3D25F2538D9AC0021BB2E = {
			isa = PBXGroup;
			children = (
				82F3D26A2538D9AC0021BB2E /* Apple-TV-Player */,
				82E82D4F256A6A8100E3D250 /* Apple-TV-PlayerTests */,
				82F3D29B2538E6650021BB2E /* Channels */,
				82DDEB04253E2A4300F3B1EE /* ChannelsTests */,
				82F3D2692538D9AC0021BB2E /* Products */,
				47E0FE7437F72A44E302E88A /* Pods */,
				7282139F61CEA9109ED48C63 /* Frameworks */,
			);
			sourceTree = "<group>";
		};
		82F3D2692538D9AC0021BB2E /* Products */ = {
			isa = PBXGroup;
			children = (
				82F3D2682538D9AC0021BB2E /* Apple-TV-Player.app */,
				82F3D29A2538E6650021BB2E /* Channels.framework */,
				82DDEB03253E2A4300F3B1EE /* ChannelsTests.xctest */,
				82E82D4E256A6A8100E3D250 /* Apple-TV-PlayerTests.xctest */,
			);
			name = Products;
			sourceTree = "<group>";
		};
		82F3D26A2538D9AC0021BB2E /* Apple-TV-Player */ = {
			isa = PBXGroup;
			children = (
				82F3D26B2538D9AC0021BB2E /* AppDelegate.swift */,
				828E4004253F77F7003D4EFC /* UIComponents */,
				828E3FF3253F6EEB003D4EFC /* Flows */,
				828E3FEC253F6778003D4EFC /* FileSystem */,
				82F3D2822538DCC90021BB2E /* Configuration */,
				82F3D2812538DC8D0021BB2E /* Resources */,
			);
			path = "Apple-TV-Player";
			sourceTree = "<group>";
		};
		82F3D2812538DC8D0021BB2E /* Resources */ = {
			isa = PBXGroup;
			children = (
				82F3D2B92538EABC0021BB2E /* LaunchScreen.storyboard */,
				82F3D2772538D9AD0021BB2E /* Info.plist */,
				82F3D2722538D9AD0021BB2E /* Assets.xcassets */,
				82F3D2B82538EA860021BB2E /* Localization */,
			);
			path = Resources;
			sourceTree = "<group>";
		};
		82F3D2822538DCC90021BB2E /* Configuration */ = {
			isa = PBXGroup;
			children = (
				82F3D2832538DCF50021BB2E /* Debug.xcconfig */,
				82F3D2842538DD060021BB2E /* Release.xcconfig */,
			);
			path = Configuration;
			sourceTree = "<group>";
		};
		82F3D29B2538E6650021BB2E /* Channels */ = {
			isa = PBXGroup;
			children = (
				826BBC7B2561C220003A69CA /* Resources */,
				82F3D2AC2538E81E0021BB2E /* Sources */,
				82F3D2A82538E6CF0021BB2E /* Configuration */,
				82F3D29C2538E6650021BB2E /* Channels.h */,
				82F3D29D2538E6650021BB2E /* Info.plist */,
			);
			path = Channels;
			sourceTree = "<group>";
		};
		82F3D2A82538E6CF0021BB2E /* Configuration */ = {
			isa = PBXGroup;
			children = (
				82F3D2A92538E70F0021BB2E /* Debug-Channels.xcconfig */,
				82F3D2AA2538E7430021BB2E /* Release-Channels.xcconfig */,
			);
			path = Configuration;
			sourceTree = "<group>";
		};
		82F3D2AC2538E81E0021BB2E /* Sources */ = {
			isa = PBXGroup;
			children = (
				826BBC71256162D6003A69CA /* Playlist.swift */,
				826BBC75256162E6003A69CA /* Channel.swift */,
				826BBC6525615F84003A69CA /* FIlters */,
				82DDEAEF253E1BE400F3B1EE /* Parsers */,
			);
			path = Sources;
			sourceTree = "<group>";
		};
		82F3D2B82538EA860021BB2E /* Localization */ = {
			isa = PBXGroup;
			children = (
				82F3D2B22538E9220021BB2E /* Localization.strings */,
			);
			path = Localization;
			sourceTree = "<group>";
		};
/* End PBXGroup section */

/* Begin PBXHeadersBuildPhase section */
		82F3D2952538E6650021BB2E /* Headers */ = {
			isa = PBXHeadersBuildPhase;
			buildActionMask = 2147483647;
			files = (
				82F3D29E2538E6650021BB2E /* Channels.h in Headers */,
			);
			runOnlyForDeploymentPostprocessing = 0;
		};
/* End PBXHeadersBuildPhase section */

/* Begin PBXNativeTarget section */
		82DDEB02253E2A4300F3B1EE /* ChannelsTests */ = {
			isa = PBXNativeTarget;
			buildConfigurationList = 82DDEB0D253E2A4400F3B1EE /* Build configuration list for PBXNativeTarget "ChannelsTests" */;
			buildPhases = (
				82DDEAFF253E2A4300F3B1EE /* Sources */,
				82DDEB00253E2A4300F3B1EE /* Frameworks */,
				82DDEB01253E2A4300F3B1EE /* Resources */,
			);
			buildRules = (
			);
			dependencies = (
				82DDEB0A253E2A4400F3B1EE /* PBXTargetDependency */,
			);
			name = ChannelsTests;
			productName = ChannelsTests;
			productReference = 82DDEB03253E2A4300F3B1EE /* ChannelsTests.xctest */;
			productType = "com.apple.product-type.bundle.unit-test";
		};
		82E82D4D256A6A8100E3D250 /* Apple-TV-PlayerTests */ = {
			isa = PBXNativeTarget;
			buildConfigurationList = 82E82D55256A6A8100E3D250 /* Build configuration list for PBXNativeTarget "Apple-TV-PlayerTests" */;
			buildPhases = (
				82E82D4A256A6A8100E3D250 /* Sources */,
				82E82D4B256A6A8100E3D250 /* Frameworks */,
				82E82D4C256A6A8100E3D250 /* Resources */,
			);
			buildRules = (
			);
			dependencies = (
				82E82D54256A6A8100E3D250 /* PBXTargetDependency */,
			);
			name = "Apple-TV-PlayerTests";
			productName = "Apple-TV-PlayerTests";
			productReference = 82E82D4E256A6A8100E3D250 /* Apple-TV-PlayerTests.xctest */;
			productType = "com.apple.product-type.bundle.unit-test";
		};
		82F3D2672538D9AC0021BB2E /* Apple-TV-Player */ = {
			isa = PBXNativeTarget;
			buildConfigurationList = 82F3D27A2538D9AD0021BB2E /* Build configuration list for PBXNativeTarget "Apple-TV-Player" */;
			buildPhases = (
				8E8518305C559811FF0E02F5 /* [CP] Check Pods Manifest.lock */,
				82F3D2642538D9AC0021BB2E /* Sources */,
				82F3D2652538D9AC0021BB2E /* Frameworks */,
				82F3D2662538D9AC0021BB2E /* Resources */,
				82F3D2A32538E6650021BB2E /* Embed Frameworks */,
				27E4E2D9C27C07DE3F25D4F7 /* [CP] Embed Pods Frameworks */,
			);
			buildRules = (
			);
			dependencies = (
				82F3D2A02538E6650021BB2E /* PBXTargetDependency */,
			);
			name = "Apple-TV-Player";
			productName = "Apple-TV-Player";
			productReference = 82F3D2682538D9AC0021BB2E /* Apple-TV-Player.app */;
			productType = "com.apple.product-type.application";
		};
		82F3D2992538E6650021BB2E /* Channels */ = {
			isa = PBXNativeTarget;
			buildConfigurationList = 82F3D2A62538E6650021BB2E /* Build configuration list for PBXNativeTarget "Channels" */;
			buildPhases = (
				82F3D2952538E6650021BB2E /* Headers */,
				82F3D2962538E6650021BB2E /* Sources */,
				82F3D2972538E6650021BB2E /* Frameworks */,
				82F3D2982538E6650021BB2E /* Resources */,
			);
			buildRules = (
			);
			dependencies = (
			);
			name = Channels;
			productName = Channels;
			productReference = 82F3D29A2538E6650021BB2E /* Channels.framework */;
			productType = "com.apple.product-type.framework";
		};
/* End PBXNativeTarget section */

/* Begin PBXProject section */
		82F3D2602538D9AC0021BB2E /* Project object */ = {
			isa = PBXProject;
			attributes = {
				LastSwiftUpdateCheck = 1220;
				LastUpgradeCheck = 1210;
				TargetAttributes = {
					82DDEB02253E2A4300F3B1EE = {
						CreatedOnToolsVersion = 12.1;
					};
					82E82D4D256A6A8100E3D250 = {
						CreatedOnToolsVersion = 12.2;
						TestTargetID = 82F3D2672538D9AC0021BB2E;
					};
					82F3D2672538D9AC0021BB2E = {
						CreatedOnToolsVersion = 12.1;
						LastSwiftMigration = 1220;
					};
					82F3D2992538E6650021BB2E = {
						CreatedOnToolsVersion = 12.1;
						LastSwiftMigration = 1210;
					};
				};
			};
			buildConfigurationList = 82F3D2632538D9AC0021BB2E /* Build configuration list for PBXProject "Apple-TV-Player" */;
			compatibilityVersion = "Xcode 9.3";
			developmentRegion = en;
			hasScannedForEncodings = 0;
			knownRegions = (
				en,
				ru,
			);
			mainGroup = 82F3D25F2538D9AC0021BB2E;
			productRefGroup = 82F3D2692538D9AC0021BB2E /* Products */;
			projectDirPath = "";
			projectRoot = "";
			targets = (
				82F3D2672538D9AC0021BB2E /* Apple-TV-Player */,
				82E82D4D256A6A8100E3D250 /* Apple-TV-PlayerTests */,
				82F3D2992538E6650021BB2E /* Channels */,
				82DDEB02253E2A4300F3B1EE /* ChannelsTests */,
			);
		};
/* End PBXProject section */

/* Begin PBXResourcesBuildPhase section */
		82DDEB01253E2A4300F3B1EE /* Resources */ = {
			isa = PBXResourcesBuildPhase;
			buildActionMask = 2147483647;
			files = (
				822A58CB2540C4CC0061813F /* plst.m3u in Resources */,
				82DDEB11253E2A8F00F3B1EE /* android.m3u8 in Resources */,
			);
			runOnlyForDeploymentPostprocessing = 0;
		};
		82E82D4C256A6A8100E3D250 /* Resources */ = {
			isa = PBXResourcesBuildPhase;
			buildActionMask = 2147483647;
			files = (
				82E82D70256A7ACF00E3D250 /* plst.m3u in Resources */,
			);
			runOnlyForDeploymentPostprocessing = 0;
		};
		82F3D2662538D9AC0021BB2E /* Resources */ = {
			isa = PBXResourcesBuildPhase;
			buildActionMask = 2147483647;
			files = (
				82F046AD255EFA9B0052E2E8 /* PlaylistChannelViewCell.xib in Resources */,
				828E401B253F851E003D4EFC /* AddPlaylistCellView.xib in Resources */,
				828E4021253F852F003D4EFC /* SettingsCellView.xib in Resources */,
				828E4001253F7382003D4EFC /* HomeViewController.storyboard in Resources */,
				82F046B0255F07C70052E2E8 /* plst.m3u in Resources */,
				82F046A2255EF9280052E2E8 /* PlaylistViewController.storyboard in Resources */,
				82F3D2BA2538EABC0021BB2E /* LaunchScreen.storyboard in Resources */,
				82742D28255FDC12001B2B25 /* ChannelPlayerViewController.storyboard in Resources */,
				82F3D2B02538E9220021BB2E /* Localization.strings in Resources */,
				828E4013253F850A003D4EFC /* PlaylistCellView.xib in Resources */,
				82F3D2732538D9AD0021BB2E /* Assets.xcassets in Resources */,
			);
			runOnlyForDeploymentPostprocessing = 0;
		};
		82F3D2982538E6650021BB2E /* Resources */ = {
			isa = PBXResourcesBuildPhase;
			buildActionMask = 2147483647;
			files = (
				826BBC7F2561C299003A69CA /* ChannelsPackages.bundle in Resources */,
			);
			runOnlyForDeploymentPostprocessing = 0;
		};
/* End PBXResourcesBuildPhase section */

/* Begin PBXShellScriptBuildPhase section */
		27E4E2D9C27C07DE3F25D4F7 /* [CP] Embed Pods Frameworks */ = {
			isa = PBXShellScriptBuildPhase;
			buildActionMask = 2147483647;
			files = (
			);
			inputFileListPaths = (
				"${PODS_ROOT}/Target Support Files/Pods-Apple-TV-Player/Pods-Apple-TV-Player-frameworks-${CONFIGURATION}-input-files.xcfilelist",
			);
			name = "[CP] Embed Pods Frameworks";
			outputFileListPaths = (
				"${PODS_ROOT}/Target Support Files/Pods-Apple-TV-Player/Pods-Apple-TV-Player-frameworks-${CONFIGURATION}-output-files.xcfilelist",
			);
			runOnlyForDeploymentPostprocessing = 0;
			shellPath = /bin/sh;
			shellScript = "\"${PODS_ROOT}/Target Support Files/Pods-Apple-TV-Player/Pods-Apple-TV-Player-frameworks.sh\"\n";
			showEnvVarsInLog = 0;
		};
		8E8518305C559811FF0E02F5 /* [CP] Check Pods Manifest.lock */ = {
			isa = PBXShellScriptBuildPhase;
			buildActionMask = 2147483647;
			files = (
			);
			inputFileListPaths = (
			);
			inputPaths = (
				"${PODS_PODFILE_DIR_PATH}/Podfile.lock",
				"${PODS_ROOT}/Manifest.lock",
			);
			name = "[CP] Check Pods Manifest.lock";
			outputFileListPaths = (
			);
			outputPaths = (
				"$(DERIVED_FILE_DIR)/Pods-Apple-TV-Player-checkManifestLockResult.txt",
			);
			runOnlyForDeploymentPostprocessing = 0;
			shellPath = /bin/sh;
			shellScript = "diff \"${PODS_PODFILE_DIR_PATH}/Podfile.lock\" \"${PODS_ROOT}/Manifest.lock\" > /dev/null\nif [ $? != 0 ] ; then\n    # print error to STDERR\n    echo \"error: The sandbox is not in sync with the Podfile.lock. Run 'pod install' or update your CocoaPods installation.\" >&2\n    exit 1\nfi\n# This output is used by Xcode 'outputs' to avoid re-running this script phase.\necho \"SUCCESS\" > \"${SCRIPT_OUTPUT_FILE_0}\"\n";
			showEnvVarsInLog = 0;
		};
/* End PBXShellScriptBuildPhase section */

/* Begin PBXSourcesBuildPhase section */
		82DDEAFF253E2A4300F3B1EE /* Sources */ = {
			isa = PBXSourcesBuildPhase;
			buildActionMask = 2147483647;
			files = (
				82DDEB06253E2A4300F3B1EE /* ChannelsTests.swift in Sources */,
			);
			runOnlyForDeploymentPostprocessing = 0;
		};
		82E82D4A256A6A8100E3D250 /* Sources */ = {
			isa = PBXSourcesBuildPhase;
			buildActionMask = 2147483647;
			files = (
				82E82D51256A6A8100E3D250 /* Apple_TV_PlayerTests.swift in Sources */,
			);
			runOnlyForDeploymentPostprocessing = 0;
		};
		82F3D2642538D9AC0021BB2E /* Sources */ = {
			isa = PBXSourcesBuildPhase;
			buildActionMask = 2147483647;
			files = (
				822A58C42540AF4A0061813F /* AddPlaylistViewController.swift in Sources */,
				82F3D26C2538D9AC0021BB2E /* AppDelegate.swift in Sources */,
				828E401A253F851E003D4EFC /* AddPlaylistCellView.swift in Sources */,
				828E4012253F850A003D4EFC /* PlaylistCellView.swift in Sources */,
				828E3FEE253F67B2003D4EFC /* FileSystemManager.swift in Sources */,
				82E82D78256A7D4E00E3D250 /* LocalStorage.swift in Sources */,
				828E4020253F852F003D4EFC /* SettingsCellView.swift in Sources */,
				82E82D3A256A5B2000E3D250 /* PiedPiper.swift in Sources */,
				82F0469E255EF9140052E2E8 /* PlaylistViewController.swift in Sources */,
				82742D24255FDC08001B2B25 /* ChannelPlayerViewController.swift in Sources */,
				828E3FF7253F6FF1003D4EFC /* HomeViewController.swift in Sources */,
				828E4006253F7818003D4EFC /* TextInputViewController.swift in Sources */,
				828E3FFD253F704B003D4EFC /* FailureViewController.swift in Sources */,
				82F046A7255EFA8A0052E2E8 /* PlaylistChannelViewCell.swift in Sources */,
			);
			runOnlyForDeploymentPostprocessing = 0;
		};
		82F3D2962538E6650021BB2E /* Sources */ = {
			isa = PBXSourcesBuildPhase;
			buildActionMask = 2147483647;
			files = (
				826BBC6725615FBD003A69CA /* ChannelFilter.swift in Sources */,
				826BBC76256162E6003A69CA /* Channel.swift in Sources */,
				826BBC6E256160EB003A69CA /* M3UChannelFilter.swift in Sources */,
				82DDEAF4253E1D2C00F3B1EE /* M3UItem.swift in Sources */,
				82DDEAF7253E1D4000F3B1EE /* M3U.swift in Sources */,
				826BBC72256162D6003A69CA /* Playlist.swift in Sources */,
			);
			runOnlyForDeploymentPostprocessing = 0;
		};
/* End PBXSourcesBuildPhase section */

/* Begin PBXTargetDependency section */
		82DDEB0A253E2A4400F3B1EE /* PBXTargetDependency */ = {
			isa = PBXTargetDependency;
			target = 82F3D2992538E6650021BB2E /* Channels */;
			targetProxy = 82DDEB09253E2A4400F3B1EE /* PBXContainerItemProxy */;
		};
		82E82D54256A6A8100E3D250 /* PBXTargetDependency */ = {
			isa = PBXTargetDependency;
			target = 82F3D2672538D9AC0021BB2E /* Apple-TV-Player */;
			targetProxy = 82E82D53256A6A8100E3D250 /* PBXContainerItemProxy */;
		};
		82F3D2A02538E6650021BB2E /* PBXTargetDependency */ = {
			isa = PBXTargetDependency;
			target = 82F3D2992538E6650021BB2E /* Channels */;
			targetProxy = 82F3D29F2538E6650021BB2E /* PBXContainerItemProxy */;
		};
/* End PBXTargetDependency section */

/* Begin PBXVariantGroup section */
		82F3D2B22538E9220021BB2E /* Localization.strings */ = {
			isa = PBXVariantGroup;
			children = (
				82F3D2B12538E9220021BB2E /* en */,
				82F3D2B62538E9600021BB2E /* ru */,
			);
			name = Localization.strings;
			sourceTree = "<group>";
		};
/* End PBXVariantGroup section */

/* Begin XCBuildConfiguration section */
		82DDEB0B253E2A4400F3B1EE /* Debug */ = {
			isa = XCBuildConfiguration;
			baseConfigurationReference = 82E82D86256A941000E3D250 /* Debug-ChannelsTests.xcconfig */;
			buildSettings = {
				CODE_SIGN_STYLE = Automatic;
				INFOPLIST_FILE = ChannelsTests/Info.plist;
				LD_RUNPATH_SEARCH_PATHS = (
					"$(inherited)",
					"@executable_path/Frameworks",
					"@loader_path/Frameworks",
				);
				PRODUCT_NAME = "$(TARGET_NAME)";
				SWIFT_VERSION = 5.0;
				TARGETED_DEVICE_FAMILY = 3;
			};
			name = Debug;
		};
		82DDEB0C253E2A4400F3B1EE /* Release */ = {
			isa = XCBuildConfiguration;
			baseConfigurationReference = 82E82D87256A941F00E3D250 /* Release-ChannelsTests.xcconfig */;
			buildSettings = {
				CODE_SIGN_STYLE = Automatic;
				INFOPLIST_FILE = ChannelsTests/Info.plist;
				LD_RUNPATH_SEARCH_PATHS = (
					"$(inherited)",
					"@executable_path/Frameworks",
					"@loader_path/Frameworks",
				);
				PRODUCT_NAME = "$(TARGET_NAME)";
				SWIFT_VERSION = 5.0;
				TARGETED_DEVICE_FAMILY = 3;
			};
			name = Release;
		};
		82E82D56256A6A8100E3D250 /* Debug */ = {
			isa = XCBuildConfiguration;
			baseConfigurationReference = 82E82D7D256A93B900E3D250 /* Debug-Apple-TV-PlayerTests.xcconfig */;
			buildSettings = {
				BUNDLE_LOADER = "$(TEST_HOST)";
				CODE_SIGN_STYLE = Automatic;
				INFOPLIST_FILE = "Apple-TV-PlayerTests/Info.plist";
				LD_RUNPATH_SEARCH_PATHS = (
					"$(inherited)",
					"@executable_path/Frameworks",
					"@loader_path/Frameworks",
				);
				PRODUCT_NAME = "$(TARGET_NAME)";
				SWIFT_VERSION = 5.0;
				TARGETED_DEVICE_FAMILY = 3;
				TEST_HOST = "$(BUILT_PRODUCTS_DIR)/Apple-TV-Player.app/Apple-TV-Player";
				TVOS_DEPLOYMENT_TARGET = 14.2;
			};
			name = Debug;
		};
		82E82D57256A6A8100E3D250 /* Release */ = {
			isa = XCBuildConfiguration;
			baseConfigurationReference = 82E82D7E256A93C800E3D250 /* Release-Apple-TV-PlayerTests.xcconfig */;
			buildSettings = {
				BUNDLE_LOADER = "$(TEST_HOST)";
				CODE_SIGN_STYLE = Automatic;
				INFOPLIST_FILE = "Apple-TV-PlayerTests/Info.plist";
				LD_RUNPATH_SEARCH_PATHS = (
					"$(inherited)",
					"@executable_path/Frameworks",
					"@loader_path/Frameworks",
				);
				PRODUCT_NAME = "$(TARGET_NAME)";
				SWIFT_VERSION = 5.0;
				TARGETED_DEVICE_FAMILY = 3;
				TEST_HOST = "$(BUILT_PRODUCTS_DIR)/Apple-TV-Player.app/Apple-TV-Player";
				TVOS_DEPLOYMENT_TARGET = 14.2;
			};
			name = Release;
		};
		82F3D2782538D9AD0021BB2E /* Debug */ = {
			isa = XCBuildConfiguration;
			buildSettings = {
				ALWAYS_SEARCH_USER_PATHS = NO;
				CLANG_ANALYZER_LOCALIZABILITY_NONLOCALIZED = YES;
				CLANG_ANALYZER_NONNULL = YES;
				CLANG_ANALYZER_NUMBER_OBJECT_CONVERSION = YES_AGGRESSIVE;
				CLANG_CXX_LANGUAGE_STANDARD = "gnu++14";
				CLANG_CXX_LIBRARY = "libc++";
				CLANG_ENABLE_MODULES = YES;
				CLANG_ENABLE_OBJC_ARC = YES;
				CLANG_ENABLE_OBJC_WEAK = YES;
				CLANG_WARN_BLOCK_CAPTURE_AUTORELEASING = YES;
				CLANG_WARN_BOOL_CONVERSION = YES;
				CLANG_WARN_COMMA = YES;
				CLANG_WARN_CONSTANT_CONVERSION = YES;
				CLANG_WARN_DEPRECATED_OBJC_IMPLEMENTATIONS = YES;
				CLANG_WARN_DIRECT_OBJC_ISA_USAGE = YES_ERROR;
				CLANG_WARN_DOCUMENTATION_COMMENTS = YES;
				CLANG_WARN_EMPTY_BODY = YES;
				CLANG_WARN_ENUM_CONVERSION = YES;
				CLANG_WARN_INFINITE_RECURSION = YES;
				CLANG_WARN_INT_CONVERSION = YES;
				CLANG_WARN_NON_LITERAL_NULL_CONVERSION = YES;
				CLANG_WARN_OBJC_IMPLICIT_RETAIN_SELF = YES;
				CLANG_WARN_OBJC_LITERAL_CONVERSION = YES;
				CLANG_WARN_OBJC_ROOT_CLASS = YES_ERROR;
				CLANG_WARN_QUOTED_INCLUDE_IN_FRAMEWORK_HEADER = YES;
				CLANG_WARN_RANGE_LOOP_ANALYSIS = YES;
				CLANG_WARN_STRICT_PROTOTYPES = YES;
				CLANG_WARN_SUSPICIOUS_MOVE = YES;
				CLANG_WARN_UNGUARDED_AVAILABILITY = YES_AGGRESSIVE;
				CLANG_WARN_UNREACHABLE_CODE = YES;
				CLANG_WARN__DUPLICATE_METHOD_MATCH = YES;
				COPY_PHASE_STRIP = NO;
				DEBUG_INFORMATION_FORMAT = dwarf;
				ENABLE_STRICT_OBJC_MSGSEND = YES;
				ENABLE_TESTABILITY = YES;
				GCC_C_LANGUAGE_STANDARD = gnu11;
				GCC_DYNAMIC_NO_PIC = NO;
				GCC_NO_COMMON_BLOCKS = YES;
				GCC_OPTIMIZATION_LEVEL = 0;
				GCC_PREPROCESSOR_DEFINITIONS = (
					"DEBUG=1",
					"$(inherited)",
				);
				GCC_WARN_64_TO_32_BIT_CONVERSION = YES;
				GCC_WARN_ABOUT_RETURN_TYPE = YES_ERROR;
				GCC_WARN_UNDECLARED_SELECTOR = YES;
				GCC_WARN_UNINITIALIZED_AUTOS = YES_AGGRESSIVE;
				GCC_WARN_UNUSED_FUNCTION = YES;
				GCC_WARN_UNUSED_VARIABLE = YES;
				MTL_ENABLE_DEBUG_INFO = INCLUDE_SOURCE;
				MTL_FAST_MATH = YES;
				ONLY_ACTIVE_ARCH = YES;
				SDKROOT = appletvos;
				SWIFT_ACTIVE_COMPILATION_CONDITIONS = DEBUG;
				SWIFT_OPTIMIZATION_LEVEL = "-Onone";
				TVOS_DEPLOYMENT_TARGET = 14.0;
			};
			name = Debug;
		};
		82F3D2792538D9AD0021BB2E /* Release */ = {
			isa = XCBuildConfiguration;
			buildSettings = {
				ALWAYS_SEARCH_USER_PATHS = NO;
				CLANG_ANALYZER_LOCALIZABILITY_NONLOCALIZED = YES;
				CLANG_ANALYZER_NONNULL = YES;
				CLANG_ANALYZER_NUMBER_OBJECT_CONVERSION = YES_AGGRESSIVE;
				CLANG_CXX_LANGUAGE_STANDARD = "gnu++14";
				CLANG_CXX_LIBRARY = "libc++";
				CLANG_ENABLE_MODULES = YES;
				CLANG_ENABLE_OBJC_ARC = YES;
				CLANG_ENABLE_OBJC_WEAK = YES;
				CLANG_WARN_BLOCK_CAPTURE_AUTORELEASING = YES;
				CLANG_WARN_BOOL_CONVERSION = YES;
				CLANG_WARN_COMMA = YES;
				CLANG_WARN_CONSTANT_CONVERSION = YES;
				CLANG_WARN_DEPRECATED_OBJC_IMPLEMENTATIONS = YES;
				CLANG_WARN_DIRECT_OBJC_ISA_USAGE = YES_ERROR;
				CLANG_WARN_DOCUMENTATION_COMMENTS = YES;
				CLANG_WARN_EMPTY_BODY = YES;
				CLANG_WARN_ENUM_CONVERSION = YES;
				CLANG_WARN_INFINITE_RECURSION = YES;
				CLANG_WARN_INT_CONVERSION = YES;
				CLANG_WARN_NON_LITERAL_NULL_CONVERSION = YES;
				CLANG_WARN_OBJC_IMPLICIT_RETAIN_SELF = YES;
				CLANG_WARN_OBJC_LITERAL_CONVERSION = YES;
				CLANG_WARN_OBJC_ROOT_CLASS = YES_ERROR;
				CLANG_WARN_QUOTED_INCLUDE_IN_FRAMEWORK_HEADER = YES;
				CLANG_WARN_RANGE_LOOP_ANALYSIS = YES;
				CLANG_WARN_STRICT_PROTOTYPES = YES;
				CLANG_WARN_SUSPICIOUS_MOVE = YES;
				CLANG_WARN_UNGUARDED_AVAILABILITY = YES_AGGRESSIVE;
				CLANG_WARN_UNREACHABLE_CODE = YES;
				CLANG_WARN__DUPLICATE_METHOD_MATCH = YES;
				COPY_PHASE_STRIP = NO;
				DEBUG_INFORMATION_FORMAT = "dwarf-with-dsym";
				ENABLE_NS_ASSERTIONS = NO;
				ENABLE_STRICT_OBJC_MSGSEND = YES;
				GCC_C_LANGUAGE_STANDARD = gnu11;
				GCC_NO_COMMON_BLOCKS = YES;
				GCC_WARN_64_TO_32_BIT_CONVERSION = YES;
				GCC_WARN_ABOUT_RETURN_TYPE = YES_ERROR;
				GCC_WARN_UNDECLARED_SELECTOR = YES;
				GCC_WARN_UNINITIALIZED_AUTOS = YES_AGGRESSIVE;
				GCC_WARN_UNUSED_FUNCTION = YES;
				GCC_WARN_UNUSED_VARIABLE = YES;
				MTL_ENABLE_DEBUG_INFO = NO;
				MTL_FAST_MATH = YES;
				SDKROOT = appletvos;
				SWIFT_COMPILATION_MODE = wholemodule;
				SWIFT_OPTIMIZATION_LEVEL = "-O";
				TVOS_DEPLOYMENT_TARGET = 14.0;
				VALIDATE_PRODUCT = YES;
			};
			name = Release;
		};
		82F3D27B2538D9AD0021BB2E /* Debug */ = {
			isa = XCBuildConfiguration;
			baseConfigurationReference = 82F3D2832538DCF50021BB2E /* Debug.xcconfig */;
			buildSettings = {
				ALWAYS_EMBED_SWIFT_STANDARD_LIBRARIES = YES;
				ASSETCATALOG_COMPILER_APPICON_NAME = "App Icon & Top Shelf Image";
				ASSETCATALOG_COMPILER_GLOBAL_ACCENT_COLOR_NAME = AccentColor;
				CLANG_ENABLE_MODULES = YES;
				CODE_SIGN_STYLE = Automatic;
				INFOPLIST_FILE = "$(SRCROOT)/Apple-TV-Player/Resources/Info.plist";
				LD_RUNPATH_SEARCH_PATHS = (
					"$(inherited)",
					"@executable_path/Frameworks",
				);
				PRODUCT_NAME = "$(TARGET_NAME)";
				SWIFT_OBJC_BRIDGING_HEADER = "";
				SWIFT_OPTIMIZATION_LEVEL = "-Onone";
				SWIFT_VERSION = 5.0;
				TARGETED_DEVICE_FAMILY = 3;
				TVOS_DEPLOYMENT_TARGET = 14.0;
			};
			name = Debug;
		};
		82F3D27C2538D9AD0021BB2E /* Release */ = {
			isa = XCBuildConfiguration;
			baseConfigurationReference = 82F3D2842538DD060021BB2E /* Release.xcconfig */;
			buildSettings = {
				ALWAYS_EMBED_SWIFT_STANDARD_LIBRARIES = YES;
				ASSETCATALOG_COMPILER_APPICON_NAME = "App Icon & Top Shelf Image";
				ASSETCATALOG_COMPILER_GLOBAL_ACCENT_COLOR_NAME = AccentColor;
				CLANG_ENABLE_MODULES = YES;
				CODE_SIGN_STYLE = Automatic;
				INFOPLIST_FILE = "$(SRCROOT)/Apple-TV-Player/Resources/Info.plist";
				LD_RUNPATH_SEARCH_PATHS = (
					"$(inherited)",
					"@executable_path/Frameworks",
				);
				PRODUCT_NAME = "$(TARGET_NAME)";
				SWIFT_OBJC_BRIDGING_HEADER = "";
				SWIFT_VERSION = 5.0;
				TARGETED_DEVICE_FAMILY = 3;
				TVOS_DEPLOYMENT_TARGET = 14.0;
			};
			name = Release;
		};
		82F3D2A42538E6650021BB2E /* Debug */ = {
			isa = XCBuildConfiguration;
			baseConfigurationReference = 82F3D2A92538E70F0021BB2E /* Debug-Channels.xcconfig */;
			buildSettings = {
				CLANG_ENABLE_MODULES = YES;
				CODE_SIGN_STYLE = Automatic;
				CURRENT_PROJECT_VERSION = 1;
				DEFINES_MODULE = YES;
				DYLIB_COMPATIBILITY_VERSION = 1;
				DYLIB_CURRENT_VERSION = 1;
				DYLIB_INSTALL_NAME_BASE = "@rpath";
				INFOPLIST_FILE = Channels/Info.plist;
				INSTALL_PATH = "$(LOCAL_LIBRARY_DIR)/Frameworks";
				LD_RUNPATH_SEARCH_PATHS = (
					"$(inherited)",
					"@executable_path/Frameworks",
					"@loader_path/Frameworks",
				);
				PRODUCT_NAME = "$(TARGET_NAME:c99extidentifier)";
				SKIP_INSTALL = YES;
				SWIFT_OPTIMIZATION_LEVEL = "-Onone";
				SWIFT_VERSION = 5.0;
				TARGETED_DEVICE_FAMILY = 3;
				TVOS_DEPLOYMENT_TARGET = 14.0;
				VERSIONING_SYSTEM = "apple-generic";
				VERSION_INFO_PREFIX = "";
			};
			name = Debug;
		};
		82F3D2A52538E6650021BB2E /* Release */ = {
			isa = XCBuildConfiguration;
			baseConfigurationReference = 82F3D2AA2538E7430021BB2E /* Release-Channels.xcconfig */;
			buildSettings = {
				CLANG_ENABLE_MODULES = YES;
				CODE_SIGN_STYLE = Automatic;
				CURRENT_PROJECT_VERSION = 1;
				DEFINES_MODULE = YES;
				DYLIB_COMPATIBILITY_VERSION = 1;
				DYLIB_CURRENT_VERSION = 1;
				DYLIB_INSTALL_NAME_BASE = "@rpath";
				INFOPLIST_FILE = Channels/Info.plist;
				INSTALL_PATH = "$(LOCAL_LIBRARY_DIR)/Frameworks";
				LD_RUNPATH_SEARCH_PATHS = (
					"$(inherited)",
					"@executable_path/Frameworks",
					"@loader_path/Frameworks",
				);
				PRODUCT_NAME = "$(TARGET_NAME:c99extidentifier)";
				SKIP_INSTALL = YES;
				SWIFT_VERSION = 5.0;
				TARGETED_DEVICE_FAMILY = 3;
				TVOS_DEPLOYMENT_TARGET = 14.0;
				VERSIONING_SYSTEM = "apple-generic";
				VERSION_INFO_PREFIX = "";
			};
			name = Release;
		};
/* End XCBuildConfiguration section */

/* Begin XCConfigurationList section */
		82DDEB0D253E2A4400F3B1EE /* Build configuration list for PBXNativeTarget "ChannelsTests" */ = {
			isa = XCConfigurationList;
			buildConfigurations = (
				82DDEB0B253E2A4400F3B1EE /* Debug */,
				82DDEB0C253E2A4400F3B1EE /* Release */,
			);
			defaultConfigurationIsVisible = 0;
			defaultConfigurationName = Release;
		};
		82E82D55256A6A8100E3D250 /* Build configuration list for PBXNativeTarget "Apple-TV-PlayerTests" */ = {
			isa = XCConfigurationList;
			buildConfigurations = (
				82E82D56256A6A8100E3D250 /* Debug */,
				82E82D57256A6A8100E3D250 /* Release */,
			);
			defaultConfigurationIsVisible = 0;
			defaultConfigurationName = Release;
		};
		82F3D2632538D9AC0021BB2E /* Build configuration list for PBXProject "Apple-TV-Player" */ = {
			isa = XCConfigurationList;
			buildConfigurations = (
				82F3D2782538D9AD0021BB2E /* Debug */,
				82F3D2792538D9AD0021BB2E /* Release */,
			);
			defaultConfigurationIsVisible = 0;
			defaultConfigurationName = Release;
		};
		82F3D27A2538D9AD0021BB2E /* Build configuration list for PBXNativeTarget "Apple-TV-Player" */ = {
			isa = XCConfigurationList;
			buildConfigurations = (
				82F3D27B2538D9AD0021BB2E /* Debug */,
				82F3D27C2538D9AD0021BB2E /* Release */,
			);
			defaultConfigurationIsVisible = 0;
			defaultConfigurationName = Release;
		};
		82F3D2A62538E6650021BB2E /* Build configuration list for PBXNativeTarget "Channels" */ = {
			isa = XCConfigurationList;
			buildConfigurations = (
				82F3D2A42538E6650021BB2E /* Debug */,
				82F3D2A52538E6650021BB2E /* Release */,
			);
			defaultConfigurationIsVisible = 0;
			defaultConfigurationName = Release;
		};
/* End XCConfigurationList section */
	};
	rootObject = 82F3D2602538D9AC0021BB2E /* Project object */;
}
